// !$*UTF8*$!
{
	archiveVersion = 1;
	classes = {
	};
	objectVersion = 50;
	objects = {

/* Begin PBXBuildFile section */
		14C750C62270898400B594F1 /* AppDelegate.swift in Sources */ = {isa = PBXBuildFile; fileRef = 14C750C52270898400B594F1 /* AppDelegate.swift */; };
		14C750CD2270898500B594F1 /* Assets.xcassets in Resources */ = {isa = PBXBuildFile; fileRef = 14C750CC2270898500B594F1 /* Assets.xcassets */; };
		14C750D02270898500B594F1 /* LaunchScreen.storyboard in Resources */ = {isa = PBXBuildFile; fileRef = 14C750CE2270898500B594F1 /* LaunchScreen.storyboard */; };
		14C750DB2270900800B594F1 /* ComponentKit.framework in Frameworks */ = {isa = PBXBuildFile; fileRef = 14C750DA2270900800B594F1 /* ComponentKit.framework */; };
		14C750ED2270981300B594F1 /* RepositoriesCollectionViewController.mm in Sources */ = {isa = PBXBuildFile; fileRef = 14C750EC2270981200B594F1 /* RepositoriesCollectionViewController.mm */; };
		14C750F722709C3300B594F1 /* RepositoryComponent.mm in Sources */ = {isa = PBXBuildFile; fileRef = 14C750F622709C3300B594F1 /* RepositoryComponent.mm */; };
		14E26D352271A55800CEC794 /* GitHub.xcdatamodeld in Sources */ = {isa = PBXBuildFile; fileRef = 14E26D332271A55800CEC794 /* GitHub.xcdatamodeld */; };
		14E26D3E2271AA8500CEC794 /* RepositoryDTO.m in Sources */ = {isa = PBXBuildFile; fileRef = 14E26D3D2271AA8500CEC794 /* RepositoryDTO.m */; };
		14E26D412271AAB100CEC794 /* RepositoryContext.m in Sources */ = {isa = PBXBuildFile; fileRef = 14E26D402271AAB100CEC794 /* RepositoryContext.m */; };
		14E26D442271B57E00CEC794 /* RepositoryContextImpl.swift in Sources */ = {isa = PBXBuildFile; fileRef = 14E26D432271B57E00CEC794 /* RepositoryContextImpl.swift */; };
		14E26D552271B9E400CEC794 /* Alamofire.framework in Frameworks */ = {isa = PBXBuildFile; fileRef = 14E26D542271B9E400CEC794 /* Alamofire.framework */; };
		14E26D572271BAB500CEC794 /* PersistenceContainer.swift in Sources */ = {isa = PBXBuildFile; fileRef = 14E26D562271BAB500CEC794 /* PersistenceContainer.swift */; };
		14E26D5A2271ED0A00CEC794 /* ChangesetBuilder.mm in Sources */ = {isa = PBXBuildFile; fileRef = 14E26D592271ED0A00CEC794 /* ChangesetBuilder.mm */; };
		14E26D61227205F700CEC794 /* TrendingRepoDTO.m in Sources */ = {isa = PBXBuildFile; fileRef = 14E26D60227205F700CEC794 /* TrendingRepoDTO.m */; };
		14E26D64227207F000CEC794 /* TrendingRepoComponent.mm in Sources */ = {isa = PBXBuildFile; fileRef = 14E26D63227207F000CEC794 /* TrendingRepoComponent.mm */; };
		14E26D672272084900CEC794 /* TrendingRepoContext.m in Sources */ = {isa = PBXBuildFile; fileRef = 14E26D662272084900CEC794 /* TrendingRepoContext.m */; };
		14E26D69227208F300CEC794 /* TrendingRepoContextImpl.swift in Sources */ = {isa = PBXBuildFile; fileRef = 14E26D68227208F300CEC794 /* TrendingRepoContextImpl.swift */; };
		14E26D6E22720CD000CEC794 /* TrendingReposCollectionViewController.mm in Sources */ = {isa = PBXBuildFile; fileRef = 14E26D6D22720CD000CEC794 /* TrendingReposCollectionViewController.mm */; };
		14E26D7022720E2900CEC794 /* Main.storyboard in Resources */ = {isa = PBXBuildFile; fileRef = 14E26D6F22720E2900CEC794 /* Main.storyboard */; };
/* End PBXBuildFile section */

/* Begin PBXFileReference section */
		14C750C22270898400B594F1 /* Component Demo.app */ = {isa = PBXFileReference; explicitFileType = wrapper.application; includeInIndex = 0; path = "Component Demo.app"; sourceTree = BUILT_PRODUCTS_DIR; };
		14C750C52270898400B594F1 /* AppDelegate.swift */ = {isa = PBXFileReference; lastKnownFileType = sourcecode.swift; path = AppDelegate.swift; sourceTree = "<group>"; };
		14C750CC2270898500B594F1 /* Assets.xcassets */ = {isa = PBXFileReference; lastKnownFileType = folder.assetcatalog; path = Assets.xcassets; sourceTree = "<group>"; };
		14C750CF2270898500B594F1 /* Base */ = {isa = PBXFileReference; lastKnownFileType = file.storyboard; name = Base; path = Base.lproj/LaunchScreen.storyboard; sourceTree = "<group>"; };
		14C750D12270898500B594F1 /* Info.plist */ = {isa = PBXFileReference; lastKnownFileType = text.plist.xml; path = Info.plist; sourceTree = "<group>"; };
		14C750DA2270900800B594F1 /* ComponentKit.framework */ = {isa = PBXFileReference; explicitFileType = wrapper.framework; path = ComponentKit.framework; sourceTree = BUILT_PRODUCTS_DIR; };
		14C750DE2270938400B594F1 /* Component Demo-Bridging-Header.h */ = {isa = PBXFileReference; lastKnownFileType = sourcecode.c.h; path = "Component Demo-Bridging-Header.h"; sourceTree = "<group>"; };
		14C750EB2270981200B594F1 /* RepositoriesCollectionViewController.h */ = {isa = PBXFileReference; lastKnownFileType = sourcecode.c.h; path = RepositoriesCollectionViewController.h; sourceTree = "<group>"; };
		14C750EC2270981200B594F1 /* RepositoriesCollectionViewController.mm */ = {isa = PBXFileReference; lastKnownFileType = sourcecode.cpp.objcpp; path = RepositoriesCollectionViewController.mm; sourceTree = "<group>"; };
		14C750F522709C3300B594F1 /* RepositoryComponent.h */ = {isa = PBXFileReference; lastKnownFileType = sourcecode.c.h; path = RepositoryComponent.h; sourceTree = "<group>"; };
		14C750F622709C3300B594F1 /* RepositoryComponent.mm */ = {isa = PBXFileReference; lastKnownFileType = sourcecode.cpp.objcpp; path = RepositoryComponent.mm; sourceTree = "<group>"; };
		14E26D342271A55800CEC794 /* GitHub.xcdatamodel */ = {isa = PBXFileReference; lastKnownFileType = wrapper.xcdatamodel; path = GitHub.xcdatamodel; sourceTree = "<group>"; };
		14E26D3C2271AA8500CEC794 /* RepositoryDTO.h */ = {isa = PBXFileReference; lastKnownFileType = sourcecode.c.h; path = RepositoryDTO.h; sourceTree = "<group>"; };
		14E26D3D2271AA8500CEC794 /* RepositoryDTO.m */ = {isa = PBXFileReference; lastKnownFileType = sourcecode.c.objc; path = RepositoryDTO.m; sourceTree = "<group>"; };
		14E26D3F2271AAB100CEC794 /* RepositoryContext.h */ = {isa = PBXFileReference; lastKnownFileType = sourcecode.c.h; path = RepositoryContext.h; sourceTree = "<group>"; };
		14E26D402271AAB100CEC794 /* RepositoryContext.m */ = {isa = PBXFileReference; lastKnownFileType = sourcecode.c.objc; path = RepositoryContext.m; sourceTree = "<group>"; };
		14E26D432271B57E00CEC794 /* RepositoryContextImpl.swift */ = {isa = PBXFileReference; lastKnownFileType = sourcecode.swift; path = RepositoryContextImpl.swift; sourceTree = "<group>"; };
		14E26D542271B9E400CEC794 /* Alamofire.framework */ = {isa = PBXFileReference; explicitFileType = wrapper.framework; path = Alamofire.framework; sourceTree = BUILT_PRODUCTS_DIR; };
		14E26D562271BAB500CEC794 /* PersistenceContainer.swift */ = {isa = PBXFileReference; lastKnownFileType = sourcecode.swift; path = PersistenceContainer.swift; sourceTree = "<group>"; };
		14E26D582271ED0A00CEC794 /* ChangesetBuilder.h */ = {isa = PBXFileReference; lastKnownFileType = sourcecode.c.h; path = ChangesetBuilder.h; sourceTree = "<group>"; };
		14E26D592271ED0A00CEC794 /* ChangesetBuilder.mm */ = {isa = PBXFileReference; lastKnownFileType = sourcecode.cpp.objcpp; path = ChangesetBuilder.mm; sourceTree = "<group>"; };
		14E26D5F227205F700CEC794 /* TrendingRepoDTO.h */ = {isa = PBXFileReference; lastKnownFileType = sourcecode.c.h; path = TrendingRepoDTO.h; sourceTree = "<group>"; };
		14E26D60227205F700CEC794 /* TrendingRepoDTO.m */ = {isa = PBXFileReference; lastKnownFileType = sourcecode.c.objc; path = TrendingRepoDTO.m; sourceTree = "<group>"; };
		14E26D62227207F000CEC794 /* TrendingRepoComponent.h */ = {isa = PBXFileReference; lastKnownFileType = sourcecode.c.h; path = TrendingRepoComponent.h; sourceTree = "<group>"; };
		14E26D63227207F000CEC794 /* TrendingRepoComponent.mm */ = {isa = PBXFileReference; lastKnownFileType = sourcecode.cpp.objcpp; path = TrendingRepoComponent.mm; sourceTree = "<group>"; };
		14E26D652272084900CEC794 /* TrendingRepoContext.h */ = {isa = PBXFileReference; lastKnownFileType = sourcecode.c.h; path = TrendingRepoContext.h; sourceTree = "<group>"; };
		14E26D662272084900CEC794 /* TrendingRepoContext.m */ = {isa = PBXFileReference; lastKnownFileType = sourcecode.c.objc; path = TrendingRepoContext.m; sourceTree = "<group>"; };
		14E26D68227208F300CEC794 /* TrendingRepoContextImpl.swift */ = {isa = PBXFileReference; lastKnownFileType = sourcecode.swift; path = TrendingRepoContextImpl.swift; sourceTree = "<group>"; };
		14E26D6C22720CD000CEC794 /* TrendingReposCollectionViewController.h */ = {isa = PBXFileReference; lastKnownFileType = sourcecode.c.h; path = TrendingReposCollectionViewController.h; sourceTree = "<group>"; };
		14E26D6D22720CD000CEC794 /* TrendingReposCollectionViewController.mm */ = {isa = PBXFileReference; lastKnownFileType = sourcecode.cpp.objcpp; path = TrendingReposCollectionViewController.mm; sourceTree = "<group>"; };
		14E26D6F22720E2900CEC794 /* Main.storyboard */ = {isa = PBXFileReference; lastKnownFileType = file.storyboard; path = Main.storyboard; sourceTree = "<group>"; };
/* End PBXFileReference section */

/* Begin PBXFrameworksBuildPhase section */
		14C750BF2270898400B594F1 /* Frameworks */ = {
			isa = PBXFrameworksBuildPhase;
			buildActionMask = 2147483647;
			files = (
				14E26D552271B9E400CEC794 /* Alamofire.framework in Frameworks */,
				14C750DB2270900800B594F1 /* ComponentKit.framework in Frameworks */,
			);
			runOnlyForDeploymentPostprocessing = 0;
		};
/* End PBXFrameworksBuildPhase section */

/* Begin PBXGroup section */
		14C750B92270898400B594F1 = {
			isa = PBXGroup;
			children = (
				14C750C42270898400B594F1 /* Component Demo */,
				14C750C32270898400B594F1 /* Products */,
				14C750D92270900800B594F1 /* Frameworks */,
			);
			indentWidth = 2;
			sourceTree = "<group>";
			tabWidth = 2;
		};
		14C750C32270898400B594F1 /* Products */ = {
			isa = PBXGroup;
			children = (
				14C750C22270898400B594F1 /* Component Demo.app */,
			);
			name = Products;
			sourceTree = "<group>";
		};
		14C750C42270898400B594F1 /* Component Demo */ = {
			isa = PBXGroup;
			children = (
				14C750F422709BED00B594F1 /* Components */,
				14C750F122709B3F00B594F1 /* Contexts */,
				14C750EE22709A8800B594F1 /* Models */,
				14E26D5C227202F000CEC794 /* View Controller */,
				14E26D5D2272030E00CEC794 /* Bridging */,
				14E26D5E2272032000CEC794 /* Util */,
				14C750C52270898400B594F1 /* AppDelegate.swift */,
				14C750CC2270898500B594F1 /* Assets.xcassets */,
				14C750CE2270898500B594F1 /* LaunchScreen.storyboard */,
				14E26D6F22720E2900CEC794 /* Main.storyboard */,
				14C750D12270898500B594F1 /* Info.plist */,
			);
			path = "Component Demo";
			sourceTree = "<group>";
		};
		14C750D92270900800B594F1 /* Frameworks */ = {
			isa = PBXGroup;
			children = (
				14E26D542271B9E400CEC794 /* Alamofire.framework */,
				14C750DA2270900800B594F1 /* ComponentKit.framework */,
			);
			name = Frameworks;
			sourceTree = "<group>";
		};
		14C750EE22709A8800B594F1 /* Models */ = {
			isa = PBXGroup;
			children = (
				14E26D332271A55800CEC794 /* GitHub.xcdatamodeld */,
				14E26D362271A62200CEC794 /* DTO */,
				14E26D562271BAB500CEC794 /* PersistenceContainer.swift */,
			);
			path = Models;
			sourceTree = "<group>";
		};
		14C750F122709B3F00B594F1 /* Contexts */ = {
			isa = PBXGroup;
			children = (
				14E26D3F2271AAB100CEC794 /* RepositoryContext.h */,
				14E26D402271AAB100CEC794 /* RepositoryContext.m */,
				14E26D432271B57E00CEC794 /* RepositoryContextImpl.swift */,
				14E26D652272084900CEC794 /* TrendingRepoContext.h */,
				14E26D662272084900CEC794 /* TrendingRepoContext.m */,
				14E26D68227208F300CEC794 /* TrendingRepoContextImpl.swift */,
			);
			path = Contexts;
			sourceTree = "<group>";
		};
		14C750F422709BED00B594F1 /* Components */ = {
			isa = PBXGroup;
			children = (
				14C750F522709C3300B594F1 /* RepositoryComponent.h */,
				14C750F622709C3300B594F1 /* RepositoryComponent.mm */,
				14E26D62227207F000CEC794 /* TrendingRepoComponent.h */,
				14E26D63227207F000CEC794 /* TrendingRepoComponent.mm */,
			);
			path = Components;
			sourceTree = "<group>";
		};
		14E26D362271A62200CEC794 /* DTO */ = {
			isa = PBXGroup;
			children = (
				14E26D3C2271AA8500CEC794 /* RepositoryDTO.h */,
				14E26D3D2271AA8500CEC794 /* RepositoryDTO.m */,
				14E26D5F227205F700CEC794 /* TrendingRepoDTO.h */,
				14E26D60227205F700CEC794 /* TrendingRepoDTO.m */,
			);
			path = DTO;
			sourceTree = "<group>";
		};
		14E26D5C227202F000CEC794 /* View Controller */ = {
			isa = PBXGroup;
			children = (
				14C750EB2270981200B594F1 /* RepositoriesCollectionViewController.h */,
				14C750EC2270981200B594F1 /* RepositoriesCollectionViewController.mm */,
				14E26D6C22720CD000CEC794 /* TrendingReposCollectionViewController.h */,
				14E26D6D22720CD000CEC794 /* TrendingReposCollectionViewController.mm */,
			);
			path = "View Controller";
			sourceTree = "<group>";
		};
		14E26D5D2272030E00CEC794 /* Bridging */ = {
			isa = PBXGroup;
			children = (
				14C750DE2270938400B594F1 /* Component Demo-Bridging-Header.h */,
			);
			path = Bridging;
			sourceTree = "<group>";
		};
		14E26D5E2272032000CEC794 /* Util */ = {
			isa = PBXGroup;
			children = (
				14E26D582271ED0A00CEC794 /* ChangesetBuilder.h */,
				14E26D592271ED0A00CEC794 /* ChangesetBuilder.mm */,
			);
			path = Util;
			sourceTree = "<group>";
		};
/* End PBXGroup section */

/* Begin PBXNativeTarget section */
		14C750C12270898400B594F1 /* Component Demo */ = {
			isa = PBXNativeTarget;
			buildConfigurationList = 14C750D42270898500B594F1 /* Build configuration list for PBXNativeTarget "Component Demo" */;
			buildPhases = (
				14C750BE2270898400B594F1 /* Sources */,
				14C750BF2270898400B594F1 /* Frameworks */,
				14C750C02270898400B594F1 /* Resources */,
			);
			buildRules = (
			);
			dependencies = (
			);
			name = "Component Demo";
			productName = "Component Demo";
			productReference = 14C750C22270898400B594F1 /* Component Demo.app */;
			productType = "com.apple.product-type.application";
		};
/* End PBXNativeTarget section */

/* Begin PBXProject section */
		14C750BA2270898400B594F1 /* Project object */ = {
			isa = PBXProject;
			attributes = {
				LastSwiftUpdateCheck = 1020;
				LastUpgradeCheck = 1020;
				ORGANIZATIONNAME = "IG Group";
				TargetAttributes = {
					14C750C12270898400B594F1 = {
						CreatedOnToolsVersion = 10.2.1;
						LastSwiftMigration = 1020;
					};
				};
			};
			buildConfigurationList = 14C750BD2270898400B594F1 /* Build configuration list for PBXProject "Component Demo" */;
			compatibilityVersion = "Xcode 9.3";
			developmentRegion = en;
			hasScannedForEncodings = 0;
			knownRegions = (
				en,
				Base,
			);
			mainGroup = 14C750B92270898400B594F1;
			productRefGroup = 14C750C32270898400B594F1 /* Products */;
			projectDirPath = "";
			projectRoot = "";
			targets = (
				14C750C12270898400B594F1 /* Component Demo */,
			);
		};
/* End PBXProject section */

/* Begin PBXResourcesBuildPhase section */
		14C750C02270898400B594F1 /* Resources */ = {
			isa = PBXResourcesBuildPhase;
			buildActionMask = 2147483647;
			files = (
				14E26D7022720E2900CEC794 /* Main.storyboard in Resources */,
				14C750D02270898500B594F1 /* LaunchScreen.storyboard in Resources */,
				14C750CD2270898500B594F1 /* Assets.xcassets in Resources */,
			);
			runOnlyForDeploymentPostprocessing = 0;
		};
/* End PBXResourcesBuildPhase section */

/* Begin PBXSourcesBuildPhase section */
		14C750BE2270898400B594F1 /* Sources */ = {
			isa = PBXSourcesBuildPhase;
			buildActionMask = 2147483647;
			files = (
				14E26D69227208F300CEC794 /* TrendingRepoContextImpl.swift in Sources */,
				14E26D6E22720CD000CEC794 /* TrendingReposCollectionViewController.mm in Sources */,
				14E26D352271A55800CEC794 /* GitHub.xcdatamodeld in Sources */,
				14E26D3E2271AA8500CEC794 /* RepositoryDTO.m in Sources */,
				14E26D672272084900CEC794 /* TrendingRepoContext.m in Sources */,
				14C750C62270898400B594F1 /* AppDelegate.swift in Sources */,
				14E26D412271AAB100CEC794 /* RepositoryContext.m in Sources */,
				14E26D442271B57E00CEC794 /* RepositoryContextImpl.swift in Sources */,
				14E26D64227207F000CEC794 /* TrendingRepoComponent.mm in Sources */,
				14C750F722709C3300B594F1 /* RepositoryComponent.mm in Sources */,
				14C750ED2270981300B594F1 /* RepositoriesCollectionViewController.mm in Sources */,
				14E26D61227205F700CEC794 /* TrendingRepoDTO.m in Sources */,
				14E26D5A2271ED0A00CEC794 /* ChangesetBuilder.mm in Sources */,
				14E26D572271BAB500CEC794 /* PersistenceContainer.swift in Sources */,
			);
			runOnlyForDeploymentPostprocessing = 0;
		};
/* End PBXSourcesBuildPhase section */

/* Begin PBXVariantGroup section */
		14C750CE2270898500B594F1 /* LaunchScreen.storyboard */ = {
			isa = PBXVariantGroup;
			children = (
				14C750CF2270898500B594F1 /* Base */,
			);
			name = LaunchScreen.storyboard;
			sourceTree = "<group>";
		};
/* End PBXVariantGroup section */

/* Begin XCBuildConfiguration section */
		14C750D22270898500B594F1 /* Debug */ = {
			isa = XCBuildConfiguration;
			buildSettings = {
				ALWAYS_SEARCH_USER_PATHS = NO;
				CLANG_ANALYZER_NONNULL = YES;
				CLANG_ANALYZER_NUMBER_OBJECT_CONVERSION = YES_AGGRESSIVE;
				CLANG_CXX_LANGUAGE_STANDARD = "gnu++14";
				CLANG_CXX_LIBRARY = "libc++";
				CLANG_ENABLE_MODULES = YES;
				CLANG_ENABLE_OBJC_ARC = YES;
				CLANG_ENABLE_OBJC_WEAK = YES;
				CLANG_WARN_BLOCK_CAPTURE_AUTORELEASING = YES;
				CLANG_WARN_BOOL_CONVERSION = YES;
				CLANG_WARN_COMMA = YES;
				CLANG_WARN_CONSTANT_CONVERSION = YES;
				CLANG_WARN_DEPRECATED_OBJC_IMPLEMENTATIONS = YES;
				CLANG_WARN_DIRECT_OBJC_ISA_USAGE = YES_ERROR;
				CLANG_WARN_DOCUMENTATION_COMMENTS = YES;
				CLANG_WARN_EMPTY_BODY = YES;
				CLANG_WARN_ENUM_CONVERSION = YES;
				CLANG_WARN_INFINITE_RECURSION = YES;
				CLANG_WARN_INT_CONVERSION = YES;
				CLANG_WARN_NON_LITERAL_NULL_CONVERSION = YES;
				CLANG_WARN_OBJC_IMPLICIT_RETAIN_SELF = YES;
				CLANG_WARN_OBJC_LITERAL_CONVERSION = YES;
				CLANG_WARN_OBJC_ROOT_CLASS = YES_ERROR;
				CLANG_WARN_RANGE_LOOP_ANALYSIS = YES;
				CLANG_WARN_STRICT_PROTOTYPES = YES;
				CLANG_WARN_SUSPICIOUS_MOVE = YES;
				CLANG_WARN_UNGUARDED_AVAILABILITY = YES_AGGRESSIVE;
				CLANG_WARN_UNREACHABLE_CODE = YES;
				CLANG_WARN__DUPLICATE_METHOD_MATCH = YES;
				CODE_SIGN_IDENTITY = "iPhone Developer";
				COPY_PHASE_STRIP = NO;
				DEBUG_INFORMATION_FORMAT = dwarf;
				ENABLE_STRICT_OBJC_MSGSEND = YES;
				ENABLE_TESTABILITY = YES;
				GCC_C_LANGUAGE_STANDARD = gnu11;
				GCC_DYNAMIC_NO_PIC = NO;
				GCC_NO_COMMON_BLOCKS = YES;
				GCC_OPTIMIZATION_LEVEL = 0;
				GCC_PREPROCESSOR_DEFINITIONS = (
					"DEBUG=1",
					"$(inherited)",
				);
				GCC_WARN_64_TO_32_BIT_CONVERSION = YES;
				GCC_WARN_ABOUT_RETURN_TYPE = YES_ERROR;
				GCC_WARN_UNDECLARED_SELECTOR = YES;
				GCC_WARN_UNINITIALIZED_AUTOS = YES_AGGRESSIVE;
				GCC_WARN_UNUSED_FUNCTION = YES;
				GCC_WARN_UNUSED_VARIABLE = YES;
				IPHONEOS_DEPLOYMENT_TARGET = 12.2;
				MTL_ENABLE_DEBUG_INFO = INCLUDE_SOURCE;
				MTL_FAST_MATH = YES;
				ONLY_ACTIVE_ARCH = YES;
				SDKROOT = iphoneos;
				SWIFT_ACTIVE_COMPILATION_CONDITIONS = DEBUG;
				SWIFT_OPTIMIZATION_LEVEL = "-Onone";
			};
			name = Debug;
		};
		14C750D32270898500B594F1 /* Release */ = {
			isa = XCBuildConfiguration;
			buildSettings = {
				ALWAYS_SEARCH_USER_PATHS = NO;
				CLANG_ANALYZER_NONNULL = YES;
				CLANG_ANALYZER_NUMBER_OBJECT_CONVERSION = YES_AGGRESSIVE;
				CLANG_CXX_LANGUAGE_STANDARD = "gnu++14";
				CLANG_CXX_LIBRARY = "libc++";
				CLANG_ENABLE_MODULES = YES;
				CLANG_ENABLE_OBJC_ARC = YES;
				CLANG_ENABLE_OBJC_WEAK = YES;
				CLANG_WARN_BLOCK_CAPTURE_AUTORELEASING = YES;
				CLANG_WARN_BOOL_CONVERSION = YES;
				CLANG_WARN_COMMA = YES;
				CLANG_WARN_CONSTANT_CONVERSION = YES;
				CLANG_WARN_DEPRECATED_OBJC_IMPLEMENTATIONS = YES;
				CLANG_WARN_DIRECT_OBJC_ISA_USAGE = YES_ERROR;
				CLANG_WARN_DOCUMENTATION_COMMENTS = YES;
				CLANG_WARN_EMPTY_BODY = YES;
				CLANG_WARN_ENUM_CONVERSION = YES;
				CLANG_WARN_INFINITE_RECURSION = YES;
				CLANG_WARN_INT_CONVERSION = YES;
				CLANG_WARN_NON_LITERAL_NULL_CONVERSION = YES;
				CLANG_WARN_OBJC_IMPLICIT_RETAIN_SELF = YES;
				CLANG_WARN_OBJC_LITERAL_CONVERSION = YES;
				CLANG_WARN_OBJC_ROOT_CLASS = YES_ERROR;
				CLANG_WARN_RANGE_LOOP_ANALYSIS = YES;
				CLANG_WARN_STRICT_PROTOTYPES = YES;
				CLANG_WARN_SUSPICIOUS_MOVE = YES;
				CLANG_WARN_UNGUARDED_AVAILABILITY = YES_AGGRESSIVE;
				CLANG_WARN_UNREACHABLE_CODE = YES;
				CLANG_WARN__DUPLICATE_METHOD_MATCH = YES;
				CODE_SIGN_IDENTITY = "iPhone Developer";
				COPY_PHASE_STRIP = NO;
				DEBUG_INFORMATION_FORMAT = "dwarf-with-dsym";
				ENABLE_NS_ASSERTIONS = NO;
				ENABLE_STRICT_OBJC_MSGSEND = YES;
				GCC_C_LANGUAGE_STANDARD = gnu11;
				GCC_NO_COMMON_BLOCKS = YES;
				GCC_WARN_64_TO_32_BIT_CONVERSION = YES;
				GCC_WARN_ABOUT_RETURN_TYPE = YES_ERROR;
				GCC_WARN_UNDECLARED_SELECTOR = YES;
				GCC_WARN_UNINITIALIZED_AUTOS = YES_AGGRESSIVE;
				GCC_WARN_UNUSED_FUNCTION = YES;
				GCC_WARN_UNUSED_VARIABLE = YES;
				IPHONEOS_DEPLOYMENT_TARGET = 12.2;
				MTL_ENABLE_DEBUG_INFO = NO;
				MTL_FAST_MATH = YES;
				SDKROOT = iphoneos;
				SWIFT_COMPILATION_MODE = wholemodule;
				SWIFT_OPTIMIZATION_LEVEL = "-O";
				VALIDATE_PRODUCT = YES;
			};
			name = Release;
		};
		14C750D52270898500B594F1 /* Debug */ = {
			isa = XCBuildConfiguration;
			buildSettings = {
				ASSETCATALOG_COMPILER_APPICON_NAME = AppIcon;
				CLANG_ENABLE_MODULES = YES;
				CODE_SIGN_STYLE = Automatic;
				INFOPLIST_FILE = "Component Demo/Info.plist";
				LD_RUNPATH_SEARCH_PATHS = (
					"$(inherited)",
					"@executable_path/Frameworks",
				);
				PRODUCT_BUNDLE_IDENTIFIER = "com.ig.Component-Demo";
				PRODUCT_NAME = "$(TARGET_NAME)";
				SWIFT_OBJC_BRIDGING_HEADER = "Component Demo/Bridging/Component Demo-Bridging-Header.h";
				SWIFT_OPTIMIZATION_LEVEL = "-Onone";
				SWIFT_VERSION = 5.0;
				TARGETED_DEVICE_FAMILY = "1,2";
			};
			name = Debug;
		};
		14C750D62270898500B594F1 /* Release */ = {
			isa = XCBuildConfiguration;
			buildSettings = {
				ASSETCATALOG_COMPILER_APPICON_NAME = AppIcon;
				CLANG_ENABLE_MODULES = YES;
				CODE_SIGN_STYLE = Automatic;
				INFOPLIST_FILE = "Component Demo/Info.plist";
				LD_RUNPATH_SEARCH_PATHS = (
					"$(inherited)",
					"@executable_path/Frameworks",
				);
				PRODUCT_BUNDLE_IDENTIFIER = "com.ig.Component-Demo";
				PRODUCT_NAME = "$(TARGET_NAME)";
				SWIFT_OBJC_BRIDGING_HEADER = "Component Demo/Bridging/Component Demo-Bridging-Header.h";
				SWIFT_VERSION = 5.0;
				TARGETED_DEVICE_FAMILY = "1,2";
			};
			name = Release;
		};
/* End XCBuildConfiguration section */

/* Begin XCConfigurationList section */
		14C750BD2270898400B594F1 /* Build configuration list for PBXProject "Component Demo" */ = {
			isa = XCConfigurationList;
			buildConfigurations = (
				14C750D22270898500B594F1 /* Debug */,
				14C750D32270898500B594F1 /* Release */,
			);
			defaultConfigurationIsVisible = 0;
			defaultConfigurationName = Release;
		};
		14C750D42270898500B594F1 /* Build configuration list for PBXNativeTarget "Component Demo" */ = {
			isa = XCConfigurationList;
			buildConfigurations = (
				14C750D52270898500B594F1 /* Debug */,
				14C750D62270898500B594F1 /* Release */,
			);
			defaultConfigurationIsVisible = 0;
			defaultConfigurationName = Release;
		};
/* End XCConfigurationList section */

/* Begin XCVersionGroup section */
		14E26D332271A55800CEC794 /* GitHub.xcdatamodeld */ = {
			isa = XCVersionGroup;
			children = (
				14E26D342271A55800CEC794 /* GitHub.xcdatamodel */,
			);
			currentVersion = 14E26D342271A55800CEC794 /* GitHub.xcdatamodel */;
			path = GitHub.xcdatamodeld;
			sourceTree = "<group>";
			versionGroupType = wrapper.xcdatamodel;
		};
/* End XCVersionGroup section */
	};
	rootObject = 14C750BA2270898400B594F1 /* Project object */;
}
